
Microsoft Visual Studio Solution File, Format Version 12.00
# Visual Studio Version 17
VisualStudioVersion = 17.3.32804.467
MinimumVisualStudioVersion = 10.0.40219.1
Project("{FAE04EC0-301F-11D3-BF4B-00C04F79EFBC}") = "ByteBank", "ByteBank\ByteBank.csproj", "{B61B339B-5BA2-400E-A4FC-4AD0D2A845DE}"
EndProject
Global
	GlobalSection(SolutionConfigurationPlatforms) = preSolution
		Debug|Any CPU = Debug|Any CPU
		Release|Any CPU = Release|Any CPU
	EndGlobalSection
	GlobalSection(ProjectConfigurationPlatforms) = postSolution
		{B61B339B-5BA2-400E-A4FC-4AD0D2A845DE}.Debug|Any CPU.ActiveCfg = Debug|Any CPU
		{B61B339B-5BA2-400E-A4FC-4AD0D2A845DE}.Debug|Any CPU.Build.0 = Debug|Any CPU
		{B61B339B-5BA2-400E-A4FC-4AD0D2A845DE}.Release|Any CPU.ActiveCfg = Release|Any CPU
		{B61B339B-5BA2-400E-A4FC-4AD0D2A845DE}.Release|Any CPU.Build.0 = Release|Any CPU
	EndGlobalSection
	GlobalSection(SolutionProperties) = preSolution
		HideSolutionNode = FALSE
	EndGlobalSection
	GlobalSection(ExtensibilityGlobals) = postSolution
		SolutionGuid = {7E044871-7B3F-4CCF-93B7-ADD61118F596}
	EndGlobalSection
EndGlobal
